
Microsoft Visual Studio Solution File, Format Version 12.00
# Visual Studio Version 17
VisualStudioVersion = 17.8.34525.116
MinimumVisualStudioVersion = 10.0.40219.1
Project("{FAE04EC0-301F-11D3-BF4B-00C04F79EFBC}") = "LeetCode", "LeetCode\LeetCode.csproj", "{B37E498C-18ED-4823-9009-CDE10387D1E4}"
EndProject
Project("{FAE04EC0-301F-11D3-BF4B-00C04F79EFBC}") = "TestProject", "TestProject\TestProject.csproj", "{1FD3DEAC-A862-4C17-B881-317628800DCE}"
	ProjectSection(ProjectDependencies) = postProject
		{B37E498C-18ED-4823-9009-CDE10387D1E4} = {B37E498C-18ED-4823-9009-CDE10387D1E4}
	EndProjectSection
EndProject
Global
	GlobalSection(SolutionConfigurationPlatforms) = preSolution
		Debug|Any CPU = Debug|Any CPU
		Release|Any CPU = Release|Any CPU
	EndGlobalSection
	GlobalSection(ProjectConfigurationPlatforms) = postSolution
		{B37E498C-18ED-4823-9009-CDE10387D1E4}.Debug|Any CPU.ActiveCfg = Debug|Any CPU
		{B37E498C-18ED-4823-9009-CDE10387D1E4}.Debug|Any CPU.Build.0 = Debug|Any CPU
		{B37E498C-18ED-4823-9009-CDE10387D1E4}.Release|Any CPU.ActiveCfg = Release|Any CPU
		{B37E498C-18ED-4823-9009-CDE10387D1E4}.Release|Any CPU.Build.0 = Release|Any CPU
		{1FD3DEAC-A862-4C17-B881-317628800DCE}.Debug|Any CPU.ActiveCfg = Debug|Any CPU
		{1FD3DEAC-A862-4C17-B881-317628800DCE}.Debug|Any CPU.Build.0 = Debug|Any CPU
		{1FD3DEAC-A862-4C17-B881-317628800DCE}.Release|Any CPU.ActiveCfg = Release|Any CPU
		{1FD3DEAC-A862-4C17-B881-317628800DCE}.Release|Any CPU.Build.0 = Release|Any CPU
	EndGlobalSection
	GlobalSection(SolutionProperties) = preSolution
		HideSolutionNode = FALSE
	EndGlobalSection
	GlobalSection(ExtensibilityGlobals) = postSolution
		SolutionGuid = {2A7CD4AA-9201-4ADF-B14E-6A9C73BD3253}
	EndGlobalSection
EndGlobal
